
Microsoft Visual Studio Solution File, Format Version 12.00
# Visual Studio 2012
Project("{FAE04EC0-301F-11D3-BF4B-00C04F79EFBC}") = "Eagle", "Eagle\Eagle.csproj", "{001A7463-E402-4B80-905D-614B17FE05C4}"
EndProject
Project("{2150E333-8FDC-42A3-9474-1A3956D46DE8}") = "Tests", "Tests", "{95E6D5C9-C3C7-410D-A07F-665C962891C1}"
EndProject
Project("{FAE04EC0-301F-11D3-BF4B-00C04F79EFBC}") = "Eagle.Test", "Eagle.Test\Eagle.Test.csproj", "{9CA375CC-716F-4F8E-B266-E292096E2AD2}"
EndProject
Global
	GlobalSection(SolutionConfigurationPlatforms) = preSolution
		Debug|Any CPU = Debug|Any CPU
		Release|Any CPU = Release|Any CPU
	EndGlobalSection
	GlobalSection(ProjectConfigurationPlatforms) = postSolution
		{001A7463-E402-4B80-905D-614B17FE05C4}.Debug|Any CPU.ActiveCfg = Debug|Any CPU
		{001A7463-E402-4B80-905D-614B17FE05C4}.Debug|Any CPU.Build.0 = Debug|Any CPU
		{001A7463-E402-4B80-905D-614B17FE05C4}.Release|Any CPU.ActiveCfg = Release|Any CPU
		{001A7463-E402-4B80-905D-614B17FE05C4}.Release|Any CPU.Build.0 = Release|Any CPU
		{9CA375CC-716F-4F8E-B266-E292096E2AD2}.Debug|Any CPU.ActiveCfg = Debug|Any CPU
		{9CA375CC-716F-4F8E-B266-E292096E2AD2}.Debug|Any CPU.Build.0 = Debug|Any CPU
		{9CA375CC-716F-4F8E-B266-E292096E2AD2}.Release|Any CPU.ActiveCfg = Release|Any CPU
		{9CA375CC-716F-4F8E-B266-E292096E2AD2}.Release|Any CPU.Build.0 = Release|Any CPU
	EndGlobalSection
	GlobalSection(SolutionProperties) = preSolution
		HideSolutionNode = FALSE
	EndGlobalSection
	GlobalSection(NestedProjects) = preSolution
		{9CA375CC-716F-4F8E-B266-E292096E2AD2} = {95E6D5C9-C3C7-410D-A07F-665C962891C1}
	EndGlobalSection
EndGlobal
